{
  "nodes": {
    "nixpkgs": {
      "locked": {
        "lastModified": 1746862638,
        "narHash": "sha256-AH5ailVsZF6uyT7Y0eYKMPdaMbSAWIjHI1/cUejCLqg=",
        "owner": "NixOS",
        "repo": "nixpkgs",
        "rev": "82d7645c4fce80f261fe02cd1e66658b061b518f",
        "type": "github"
      },
      "original": {
        "owner": "NixOS",
        "ref": "release-24.11",
        "repo": "nixpkgs",
        "type": "github"
      }
    },
    "root": {
      "inputs": {
        "nixpkgs": "nixpkgs"
      }
    }
  },
  "root": "root",
  "version": 7
}
